// !$*UTF8*$!
{
	archiveVersion = 1;
	classes = {
	};
	objectVersion = 56;
	objects = {

/* Begin PBXBuildFile section */
		0493836A2A351E0E00E91F93 /* login_screen.swift in Sources */ = {isa = PBXBuildFile; fileRef = 049383692A351E0E00E91F93 /* login_screen.swift */; };
		0493836C2A351E4200E91F93 /* Form_login.swift in Sources */ = {isa = PBXBuildFile; fileRef = 0493836B2A351E4200E91F93 /* Form_login.swift */; };
		0493836F2A352E1B00E91F93 /* IntailScreen.swift in Sources */ = {isa = PBXBuildFile; fileRef = 0493836E2A352E1B00E91F93 /* IntailScreen.swift */; };
		049383722A35373900E91F93 /*   feature_button.swift in Sources */ = {isa = PBXBuildFile; fileRef = 049383712A35373900E91F93 /*   feature_button.swift */; };
		0494ACBD2A31103400CAE364 /* ios_template_swift_uiApp.swift in Sources */ = {isa = PBXBuildFile; fileRef = 0494ACBC2A31103400CAE364 /* ios_template_swift_uiApp.swift */; };
		0494ACBF2A31103400CAE364 /* ContentView.swift in Sources */ = {isa = PBXBuildFile; fileRef = 0494ACBE2A31103400CAE364 /* ContentView.swift */; };
		0494ACC12A31103500CAE364 /* Assets.xcassets in Resources */ = {isa = PBXBuildFile; fileRef = 0494ACC02A31103500CAE364 /* Assets.xcassets */; };
		0494ACC42A31103500CAE364 /* Preview Assets.xcassets in Resources */ = {isa = PBXBuildFile; fileRef = 0494ACC32A31103500CAE364 /* Preview Assets.xcassets */; };
		0494ACCB2A3120E800CAE364 /* GoogleService-Info.plist in Resources */ = {isa = PBXBuildFile; fileRef = 0494ACCA2A3120E800CAE364 /* GoogleService-Info.plist */; };
		0494ACCE2A3121D600CAE364 /* FirebaseAuth in Frameworks */ = {isa = PBXBuildFile; productRef = 0494ACCD2A3121D600CAE364 /* FirebaseAuth */; };
		0494ACD02A3121D600CAE364 /* FirebaseAuthCombine-Community in Frameworks */ = {isa = PBXBuildFile; productRef = 0494ACCF2A3121D600CAE364 /* FirebaseAuthCombine-Community */; };
		0494ACD22A3121D600CAE364 /* FirebaseDatabase in Frameworks */ = {isa = PBXBuildFile; productRef = 0494ACD12A3121D600CAE364 /* FirebaseDatabase */; };
		0494ACD42A3121D600CAE364 /* FirebaseDatabaseSwift in Frameworks */ = {isa = PBXBuildFile; productRef = 0494ACD32A3121D600CAE364 /* FirebaseDatabaseSwift */; };
		0494ACD62A3121D600CAE364 /* FirebaseFirestore in Frameworks */ = {isa = PBXBuildFile; productRef = 0494ACD52A3121D600CAE364 /* FirebaseFirestore */; };
		0494ACD82A3121D600CAE364 /* FirebaseFirestoreCombine-Community in Frameworks */ = {isa = PBXBuildFile; productRef = 0494ACD72A3121D600CAE364 /* FirebaseFirestoreCombine-Community */; };
		0494ACDA2A3121D600CAE364 /* FirebaseStorage in Frameworks */ = {isa = PBXBuildFile; productRef = 0494ACD92A3121D600CAE364 /* FirebaseStorage */; };
		0494ACDC2A3121D600CAE364 /* FirebaseStorageCombine-Community in Frameworks */ = {isa = PBXBuildFile; productRef = 0494ACDB2A3121D600CAE364 /* FirebaseStorageCombine-Community */; };
		0494ACDE2A31226A00CAE364 /* AppDelegate.swift in Sources */ = {isa = PBXBuildFile; fileRef = 0494ACDD2A31226A00CAE364 /* AppDelegate.swift */; };
		0494ACEA2A323AC100CAE364 /* auth_service.swift in Sources */ = {isa = PBXBuildFile; fileRef = 0494ACE92A323AC100CAE364 /* auth_service.swift */; };
		0494ACED2A323AE600CAE364 /* signUp_screen.swift in Sources */ = {isa = PBXBuildFile; fileRef = 0494ACEC2A323AE600CAE364 /* signUp_screen.swift */; };
		0494ACF22A323B4B00CAE364 /* custom_secure_field_view.swift in Sources */ = {isa = PBXBuildFile; fileRef = 0494ACF12A323B4B00CAE364 /* custom_secure_field_view.swift */; };
		0494ACF42A323B5800CAE364 /* custom_text_field_view.swift in Sources */ = {isa = PBXBuildFile; fileRef = 0494ACF32A323B5800CAE364 /* custom_text_field_view.swift */; };
		0494ACF62A323B8A00CAE364 /* form_signUp.swift in Sources */ = {isa = PBXBuildFile; fileRef = 0494ACF52A323B8A00CAE364 /* form_signUp.swift */; };
		0C3642D42A37131700333900 /* EditProductScreen.swift in Sources */ = {isa = PBXBuildFile; fileRef = 0C3642D32A37131700333900 /* EditProductScreen.swift */; };
		0C77951E2A360438008F10F0 /* ImagePicker.swift in Sources */ = {isa = PBXBuildFile; fileRef = 0C77951D2A360438008F10F0 /* ImagePicker.swift */; };
		0CAE32B12A3E1D8B0092F856 /* ProductEditView.swift in Sources */ = {isa = PBXBuildFile; fileRef = 0CAE32B02A3E1D8B0092F856 /* ProductEditView.swift */; };
		0CAE32B32A3E290C0092F856 /* DashboradScreen.swift in Sources */ = {isa = PBXBuildFile; fileRef = 0CAE32B22A3E290C0092F856 /* DashboradScreen.swift */; };
		0CBAAE672A35AA6D00BD986D /* ProductScreen.swift in Sources */ = {isa = PBXBuildFile; fileRef = 0CBAAE662A35AA6D00BD986D /* ProductScreen.swift */; };
		0CBAAE6D2A35AB5700BD986D /* AddProductScreen.swift in Sources */ = {isa = PBXBuildFile; fileRef = 0CBAAE6C2A35AB5700BD986D /* AddProductScreen.swift */; };
		0CBAAE712A35AC0900BD986D /* UsersSscreen.swift in Sources */ = {isa = PBXBuildFile; fileRef = 0CBAAE702A35AC0900BD986D /* UsersSscreen.swift */; };
		0CBAAE732A35AC2400BD986D /* OrderScreen.swift in Sources */ = {isa = PBXBuildFile; fileRef = 0CBAAE722A35AC2400BD986D /* OrderScreen.swift */; };
		0CBAAE782A35AD0500BD986D /* ProductAddView.swift in Sources */ = {isa = PBXBuildFile; fileRef = 0CBAAE772A35AD0500BD986D /* ProductAddView.swift */; };
		0CBAAE7A2A35AD2000BD986D /* ProductListView.swift in Sources */ = {isa = PBXBuildFile; fileRef = 0CBAAE792A35AD2000BD986D /* ProductListView.swift */; };
		0CBAAE7E2A35B6AB00BD986D /* FirstScreen.swift in Sources */ = {isa = PBXBuildFile; fileRef = 0CBAAE7D2A35B6AB00BD986D /* FirstScreen.swift */; };
		0CBAAE802A35B82500BD986D /* FeatureButtonCrud.swift in Sources */ = {isa = PBXBuildFile; fileRef = 0CBAAE7F2A35B82500BD986D /* FeatureButtonCrud.swift */; };
		0CBAAE822A35EAB300BD986D /* CustomText.swift in Sources */ = {isa = PBXBuildFile; fileRef = 0CBAAE812A35EAB300BD986D /* CustomText.swift */; };
		37076E612A31B5520076BBA9 /* CustomeTextField.swift in Sources */ = {isa = PBXBuildFile; fileRef = 37076E602A31B5520076BBA9 /* CustomeTextField.swift */; };
		37076E632A31B57D0076BBA9 /* ScrolLoginButton.swift in Sources */ = {isa = PBXBuildFile; fileRef = 37076E622A31B57D0076BBA9 /* ScrolLoginButton.swift */; };
		37076E652A31B5B30076BBA9 /* rest_pass_screen.swift in Sources */ = {isa = PBXBuildFile; fileRef = 37076E642A31B5B30076BBA9 /* rest_pass_screen.swift */; };
		C7E971452A31E7760062CD60 /* otp_screen.swift in Sources */ = {isa = PBXBuildFile; fileRef = C7E971442A31E7760062CD60 /* otp_screen.swift */; };
		C7E9714E2A31E9D60062CD60 /* phone_login_screen.swift in Sources */ = {isa = PBXBuildFile; fileRef = C7E9714D2A31E9D60062CD60 /* phone_login_screen.swift */; };
		C7E971512A320CFF0062CD60 /* GoogleSignIn in Frameworks */ = {isa = PBXBuildFile; productRef = C7E971502A320CFF0062CD60 /* GoogleSignIn */; };
		C7E971532A320CFF0062CD60 /* GoogleSignInSwift in Frameworks */ = {isa = PBXBuildFile; productRef = C7E971522A320CFF0062CD60 /* GoogleSignInSwift */; };
/* End PBXBuildFile section */

/* Begin PBXFileReference section */
		049383692A351E0E00E91F93 /* login_screen.swift */ = {isa = PBXFileReference; lastKnownFileType = sourcecode.swift; path = login_screen.swift; sourceTree = "<group>"; };
		0493836B2A351E4200E91F93 /* Form_login.swift */ = {isa = PBXFileReference; lastKnownFileType = sourcecode.swift; path = Form_login.swift; sourceTree = "<group>"; };
		0493836E2A352E1B00E91F93 /* IntailScreen.swift */ = {isa = PBXFileReference; lastKnownFileType = sourcecode.swift; path = IntailScreen.swift; sourceTree = "<group>"; };
		049383712A35373900E91F93 /*   feature_button.swift */ = {isa = PBXFileReference; lastKnownFileType = sourcecode.swift; path = "  feature_button.swift"; sourceTree = "<group>"; };
		0494ACB92A31103400CAE364 /* ios_template_swift_ui.app */ = {isa = PBXFileReference; explicitFileType = wrapper.application; includeInIndex = 0; path = ios_template_swift_ui.app; sourceTree = BUILT_PRODUCTS_DIR; };
		0494ACBC2A31103400CAE364 /* ios_template_swift_uiApp.swift */ = {isa = PBXFileReference; lastKnownFileType = sourcecode.swift; path = ios_template_swift_uiApp.swift; sourceTree = "<group>"; };
		0494ACBE2A31103400CAE364 /* ContentView.swift */ = {isa = PBXFileReference; lastKnownFileType = sourcecode.swift; path = ContentView.swift; sourceTree = "<group>"; };
		0494ACC02A31103500CAE364 /* Assets.xcassets */ = {isa = PBXFileReference; lastKnownFileType = folder.assetcatalog; path = Assets.xcassets; sourceTree = "<group>"; };
		0494ACC32A31103500CAE364 /* Preview Assets.xcassets */ = {isa = PBXFileReference; lastKnownFileType = folder.assetcatalog; path = "Preview Assets.xcassets"; sourceTree = "<group>"; };
		0494ACCA2A3120E800CAE364 /* GoogleService-Info.plist */ = {isa = PBXFileReference; fileEncoding = 4; lastKnownFileType = text.plist.xml; path = "GoogleService-Info.plist"; sourceTree = "<group>"; };
		0494ACDD2A31226A00CAE364 /* AppDelegate.swift */ = {isa = PBXFileReference; lastKnownFileType = sourcecode.swift; path = AppDelegate.swift; sourceTree = "<group>"; };
		0494ACE92A323AC100CAE364 /* auth_service.swift */ = {isa = PBXFileReference; fileEncoding = 4; lastKnownFileType = sourcecode.swift; path = auth_service.swift; sourceTree = "<group>"; };
		0494ACEC2A323AE600CAE364 /* signUp_screen.swift */ = {isa = PBXFileReference; fileEncoding = 4; lastKnownFileType = sourcecode.swift; path = signUp_screen.swift; sourceTree = "<group>"; };
		0494ACF12A323B4B00CAE364 /* custom_secure_field_view.swift */ = {isa = PBXFileReference; fileEncoding = 4; lastKnownFileType = sourcecode.swift; path = custom_secure_field_view.swift; sourceTree = "<group>"; };
		0494ACF32A323B5800CAE364 /* custom_text_field_view.swift */ = {isa = PBXFileReference; fileEncoding = 4; lastKnownFileType = sourcecode.swift; path = custom_text_field_view.swift; sourceTree = "<group>"; };
		0494ACF52A323B8A00CAE364 /* form_signUp.swift */ = {isa = PBXFileReference; fileEncoding = 4; lastKnownFileType = sourcecode.swift; path = form_signUp.swift; sourceTree = "<group>"; };
		0C3642D32A37131700333900 /* EditProductScreen.swift */ = {isa = PBXFileReference; lastKnownFileType = sourcecode.swift; path = EditProductScreen.swift; sourceTree = "<group>"; };
		0C77951D2A360438008F10F0 /* ImagePicker.swift */ = {isa = PBXFileReference; lastKnownFileType = sourcecode.swift; path = ImagePicker.swift; sourceTree = "<group>"; };
		0CAE32B02A3E1D8B0092F856 /* ProductEditView.swift */ = {isa = PBXFileReference; lastKnownFileType = sourcecode.swift; path = ProductEditView.swift; sourceTree = "<group>"; };
		0CAE32B22A3E290C0092F856 /* DashboradScreen.swift */ = {isa = PBXFileReference; lastKnownFileType = sourcecode.swift; path = DashboradScreen.swift; sourceTree = "<group>"; };
		0CBAAE662A35AA6D00BD986D /* ProductScreen.swift */ = {isa = PBXFileReference; lastKnownFileType = sourcecode.swift; path = ProductScreen.swift; sourceTree = "<group>"; };
		0CBAAE6C2A35AB5700BD986D /* AddProductScreen.swift */ = {isa = PBXFileReference; lastKnownFileType = sourcecode.swift; path = AddProductScreen.swift; sourceTree = "<group>"; };
		0CBAAE702A35AC0900BD986D /* UsersSscreen.swift */ = {isa = PBXFileReference; lastKnownFileType = sourcecode.swift; path = UsersSscreen.swift; sourceTree = "<group>"; };
		0CBAAE722A35AC2400BD986D /* OrderScreen.swift */ = {isa = PBXFileReference; lastKnownFileType = sourcecode.swift; path = OrderScreen.swift; sourceTree = "<group>"; };
		0CBAAE772A35AD0500BD986D /* ProductAddView.swift */ = {isa = PBXFileReference; lastKnownFileType = sourcecode.swift; path = ProductAddView.swift; sourceTree = "<group>"; };
		0CBAAE792A35AD2000BD986D /* ProductListView.swift */ = {isa = PBXFileReference; lastKnownFileType = sourcecode.swift; path = ProductListView.swift; sourceTree = "<group>"; };
		0CBAAE7D2A35B6AB00BD986D /* FirstScreen.swift */ = {isa = PBXFileReference; lastKnownFileType = sourcecode.swift; path = FirstScreen.swift; sourceTree = "<group>"; };
		0CBAAE7F2A35B82500BD986D /* FeatureButtonCrud.swift */ = {isa = PBXFileReference; lastKnownFileType = sourcecode.swift; path = FeatureButtonCrud.swift; sourceTree = "<group>"; };
		0CBAAE812A35EAB300BD986D /* CustomText.swift */ = {isa = PBXFileReference; lastKnownFileType = sourcecode.swift; path = CustomText.swift; sourceTree = "<group>"; };
		37076E602A31B5520076BBA9 /* CustomeTextField.swift */ = {isa = PBXFileReference; lastKnownFileType = sourcecode.swift; path = CustomeTextField.swift; sourceTree = "<group>"; };
		37076E622A31B57D0076BBA9 /* ScrolLoginButton.swift */ = {isa = PBXFileReference; lastKnownFileType = sourcecode.swift; path = ScrolLoginButton.swift; sourceTree = "<group>"; };
		37076E642A31B5B30076BBA9 /* rest_pass_screen.swift */ = {isa = PBXFileReference; lastKnownFileType = sourcecode.swift; path = rest_pass_screen.swift; sourceTree = "<group>"; };
		C7E971442A31E7760062CD60 /* otp_screen.swift */ = {isa = PBXFileReference; fileEncoding = 4; lastKnownFileType = sourcecode.swift; path = otp_screen.swift; sourceTree = "<group>"; };
		C7E971482A31E7940062CD60 /* ios-template-swift-ui-Info.plist */ = {isa = PBXFileReference; lastKnownFileType = text.plist; path = "ios-template-swift-ui-Info.plist"; sourceTree = SOURCE_ROOT; };
		C7E9714D2A31E9D60062CD60 /* phone_login_screen.swift */ = {isa = PBXFileReference; lastKnownFileType = sourcecode.swift; path = phone_login_screen.swift; sourceTree = "<group>"; };
/* End PBXFileReference section */

/* Begin PBXFrameworksBuildPhase section */
		0494ACB62A31103400CAE364 /* Frameworks */ = {
			isa = PBXFrameworksBuildPhase;
			buildActionMask = 2147483647;
			files = (
				0494ACD42A3121D600CAE364 /* FirebaseDatabaseSwift in Frameworks */,
				0494ACD22A3121D600CAE364 /* FirebaseDatabase in Frameworks */,
				0494ACDC2A3121D600CAE364 /* FirebaseStorageCombine-Community in Frameworks */,
				0494ACCE2A3121D600CAE364 /* FirebaseAuth in Frameworks */,
				0494ACD82A3121D600CAE364 /* FirebaseFirestoreCombine-Community in Frameworks */,
				C7E971532A320CFF0062CD60 /* GoogleSignInSwift in Frameworks */,
				0494ACDA2A3121D600CAE364 /* FirebaseStorage in Frameworks */,
				0494ACD62A3121D600CAE364 /* FirebaseFirestore in Frameworks */,
				0494ACD02A3121D600CAE364 /* FirebaseAuthCombine-Community in Frameworks */,
				C7E971512A320CFF0062CD60 /* GoogleSignIn in Frameworks */,
			);
			runOnlyForDeploymentPostprocessing = 0;
		};
/* End PBXFrameworksBuildPhase section */

/* Begin PBXGroup section */
		0493836D2A352DF600E91F93 /* intial */ = {
			isa = PBXGroup;
			children = (
				049383702A35372200E91F93 /* component */,
				0493836E2A352E1B00E91F93 /* IntailScreen.swift */,
			);
			path = intial;
			sourceTree = "<group>";
		};
		049383702A35372200E91F93 /* component */ = {
			isa = PBXGroup;
			children = (
				049383712A35373900E91F93 /*   feature_button.swift */,
			);
			path = component;
			sourceTree = "<group>";
		};
		0494ACB02A31103400CAE364 = {
			isa = PBXGroup;
			children = (
				0494ACCA2A3120E800CAE364 /* GoogleService-Info.plist */,
				0494ACBB2A31103400CAE364 /* ios_template_swift_ui */,
				0494ACBA2A31103400CAE364 /* Products */,
			);
			sourceTree = "<group>";
		};
		0494ACBA2A31103400CAE364 /* Products */ = {
			isa = PBXGroup;
			children = (
				0494ACB92A31103400CAE364 /* ios_template_swift_ui.app */,
			);
			name = Products;
			sourceTree = "<group>";
		};
		0494ACBB2A31103400CAE364 /* ios_template_swift_ui */ = {
			isa = PBXGroup;
			children = (
				C7E971482A31E7940062CD60 /* ios-template-swift-ui-Info.plist */,
				0494ACE12A3123B900CAE364 /* feature */,
				0494ACE02A3123B200CAE364 /* core */,
				0494ACDF2A31239800CAE364 /* common */,
				0494ACBC2A31103400CAE364 /* ios_template_swift_uiApp.swift */,
				0494ACBE2A31103400CAE364 /* ContentView.swift */,
				0494ACC02A31103500CAE364 /* Assets.xcassets */,
				0494ACC22A31103500CAE364 /* Preview Content */,
				0494ACDD2A31226A00CAE364 /* AppDelegate.swift */,
			);
			path = ios_template_swift_ui;
			sourceTree = "<group>";
		};
		0494ACC22A31103500CAE364 /* Preview Content */ = {
			isa = PBXGroup;
			children = (
				0494ACC32A31103500CAE364 /* Preview Assets.xcassets */,
			);
			path = "Preview Content";
			sourceTree = "<group>";
		};
		0494ACDF2A31239800CAE364 /* common */ = {
			isa = PBXGroup;
			children = (
			);
			path = common;
			sourceTree = "<group>";
		};
		0494ACE02A3123B200CAE364 /* core */ = {
			isa = PBXGroup;
			children = (
			);
			path = core;
			sourceTree = "<group>";
		};
		0494ACE12A3123B900CAE364 /* feature */ = {
			isa = PBXGroup;
			children = (
				0CBAAE5D2A35A74100BD986D /* crud */,
				0493836D2A352DF600E91F93 /* intial */,
				0494ACE42A323A7900CAE364 /* auth */,
			);
			path = feature;
			sourceTree = "<group>";
		};
		0494ACE42A323A7900CAE364 /* auth */ = {
			isa = PBXGroup;
			children = (
				0494ACE82A323AAB00CAE364 /* service */,
				0494ACE72A323AA000CAE364 /* controller */,
				0494ACE62A323A9600CAE364 /* view */,
				0494ACE52A323A8C00CAE364 /* model */,
			);
			path = auth;
			sourceTree = "<group>";
		};
		0494ACE52A323A8C00CAE364 /* model */ = {
			isa = PBXGroup;
			children = (
			);
			path = model;
			sourceTree = "<group>";
		};
		0494ACE62A323A9600CAE364 /* view */ = {
			isa = PBXGroup;
			children = (
				0494ACEE2A323AEE00CAE364 /* component */,
				0494ACEB2A323AD200CAE364 /* screen */,
			);
			path = view;
			sourceTree = "<group>";
		};
		0494ACE72A323AA000CAE364 /* controller */ = {
			isa = PBXGroup;
			children = (
			);
			path = controller;
			sourceTree = "<group>";
		};
		0494ACE82A323AAB00CAE364 /* service */ = {
			isa = PBXGroup;
			children = (
				0494ACE92A323AC100CAE364 /* auth_service.swift */,
			);
			path = service;
			sourceTree = "<group>";
		};
		0494ACEB2A323AD200CAE364 /* screen */ = {
			isa = PBXGroup;
			children = (
				C7E9714D2A31E9D60062CD60 /* phone_login_screen.swift */,
				C7E971442A31E7760062CD60 /* otp_screen.swift */,
				37076E642A31B5B30076BBA9 /* rest_pass_screen.swift */,
				0494ACEC2A323AE600CAE364 /* signUp_screen.swift */,
				049383692A351E0E00E91F93 /* login_screen.swift */,
			);
			path = screen;
			sourceTree = "<group>";
		};
		0494ACEE2A323AEE00CAE364 /* component */ = {
			isa = PBXGroup;
			children = (
				0494ACF52A323B8A00CAE364 /* form_signUp.swift */,
				0494ACF32A323B5800CAE364 /* custom_text_field_view.swift */,
				0494ACF12A323B4B00CAE364 /* custom_secure_field_view.swift */,
				37076E602A31B5520076BBA9 /* CustomeTextField.swift */,
				37076E622A31B57D0076BBA9 /* ScrolLoginButton.swift */,
				0493836B2A351E4200E91F93 /* Form_login.swift */,
			);
			path = component;
			sourceTree = "<group>";
		};
		0CBAAE5D2A35A74100BD986D /* crud */ = {
			isa = PBXGroup;
			children = (
				0CBAAE652A35A81F00BD986D /* component */,
				0CBAAE632A35A7D900BD986D /* view */,
				0CBAAE612A35A7AD00BD986D /* service */,
				0CBAAE602A35A77600BD986D /* controller */,
				0CBAAE622A35A7C000BD986D /* model */,
			);
			path = crud;
			sourceTree = "<group>";
		};
		0CBAAE602A35A77600BD986D /* controller */ = {
			isa = PBXGroup;
			children = (
			);
			path = controller;
			sourceTree = "<group>";
		};
		0CBAAE612A35A7AD00BD986D /* service */ = {
			isa = PBXGroup;
			children = (
			);
			path = service;
			sourceTree = "<group>";
		};
		0CBAAE622A35A7C000BD986D /* model */ = {
			isa = PBXGroup;
			children = (
			);
			path = model;
			sourceTree = "<group>";
		};
		0CBAAE632A35A7D900BD986D /* view */ = {
			isa = PBXGroup;
			children = (
				0CBAAE682A35AAAA00BD986D /* admin */,
				0CBAAE692A35AAD800BD986D /* user */,
			);
			path = view;
			sourceTree = "<group>";
		};
		0CBAAE642A35A81600BD986D /* screen */ = {
			isa = PBXGroup;
			children = (
				0CBAAE662A35AA6D00BD986D /* ProductScreen.swift */,
				0CBAAE6C2A35AB5700BD986D /* AddProductScreen.swift */,
				0CBAAE702A35AC0900BD986D /* UsersSscreen.swift */,
				0CBAAE722A35AC2400BD986D /* OrderScreen.swift */,
				0CBAAE7D2A35B6AB00BD986D /* FirstScreen.swift */,
				0C3642D32A37131700333900 /* EditProductScreen.swift */,
				0CAE32B22A3E290C0092F856 /* DashboradScreen.swift */,
			);
			path = screen;
			sourceTree = "<group>";
		};
		0CBAAE652A35A81F00BD986D /* component */ = {
			isa = PBXGroup;
			children = (
				0CBAAE762A35ACD100BD986D /* product */,
				0CBAAE7F2A35B82500BD986D /* FeatureButtonCrud.swift */,
				0CBAAE812A35EAB300BD986D /* CustomText.swift */,
				0C77951D2A360438008F10F0 /* ImagePicker.swift */,
			);
			path = component;
			sourceTree = "<group>";
		};
		0CBAAE682A35AAAA00BD986D /* admin */ = {
			isa = PBXGroup;
			children = (
				0CBAAE642A35A81600BD986D /* screen */,
			);
			path = admin;
			sourceTree = "<group>";
		};
		0CBAAE692A35AAD800BD986D /* user */ = {
			isa = PBXGroup;
			children = (
				0CBAAE6A2A35AB2700BD986D /* screen */,
			);
			path = user;
			sourceTree = "<group>";
		};
		0CBAAE6A2A35AB2700BD986D /* screen */ = {
			isa = PBXGroup;
			children = (
			);
			path = screen;
			sourceTree = "<group>";
		};
		0CBAAE762A35ACD100BD986D /* product */ = {
			isa = PBXGroup;
			children = (
				0CBAAE772A35AD0500BD986D /* ProductAddView.swift */,
				0CAE32B02A3E1D8B0092F856 /* ProductEditView.swift */,
				0CBAAE792A35AD2000BD986D /* ProductListView.swift */,
			);
			path = product;
			sourceTree = "<group>";
		};
/* End PBXGroup section */

/* Begin PBXNativeTarget section */
		0494ACB82A31103400CAE364 /* ios_template_swift_ui */ = {
			isa = PBXNativeTarget;
			buildConfigurationList = 0494ACC72A31103500CAE364 /* Build configuration list for PBXNativeTarget "ios_template_swift_ui" */;
			buildPhases = (
				0494ACB52A31103400CAE364 /* Sources */,
				0494ACB62A31103400CAE364 /* Frameworks */,
				0494ACB72A31103400CAE364 /* Resources */,
			);
			buildRules = (
			);
			dependencies = (
			);
			name = ios_template_swift_ui;
			packageProductDependencies = (
				0494ACCD2A3121D600CAE364 /* FirebaseAuth */,
				0494ACCF2A3121D600CAE364 /* FirebaseAuthCombine-Community */,
				0494ACD12A3121D600CAE364 /* FirebaseDatabase */,
				0494ACD32A3121D600CAE364 /* FirebaseDatabaseSwift */,
				0494ACD52A3121D600CAE364 /* FirebaseFirestore */,
				0494ACD72A3121D600CAE364 /* FirebaseFirestoreCombine-Community */,
				0494ACD92A3121D600CAE364 /* FirebaseStorage */,
				0494ACDB2A3121D600CAE364 /* FirebaseStorageCombine-Community */,
				C7E971502A320CFF0062CD60 /* GoogleSignIn */,
				C7E971522A320CFF0062CD60 /* GoogleSignInSwift */,
			);
			productName = ios_template_swift_ui;
			productReference = 0494ACB92A31103400CAE364 /* ios_template_swift_ui.app */;
			productType = "com.apple.product-type.application";
		};
/* End PBXNativeTarget section */

/* Begin PBXProject section */
		0494ACB12A31103400CAE364 /* Project object */ = {
			isa = PBXProject;
			attributes = {
				BuildIndependentTargetsInParallel = 1;
				LastSwiftUpdateCheck = 1400;
				LastUpgradeCheck = 1400;
				TargetAttributes = {
					0494ACB82A31103400CAE364 = {
						CreatedOnToolsVersion = 14.0.1;
					};
				};
			};
			buildConfigurationList = 0494ACB42A31103400CAE364 /* Build configuration list for PBXProject "ios_template_swift_ui" */;
			compatibilityVersion = "Xcode 14.0";
			developmentRegion = en;
			hasScannedForEncodings = 0;
			knownRegions = (
				en,
				Base,
			);
			mainGroup = 0494ACB02A31103400CAE364;
			packageReferences = (
				0494ACCC2A3121D600CAE364 /* XCRemoteSwiftPackageReference "firebase-ios-sdk" */,
				C7E9714F2A320CFF0062CD60 /* XCRemoteSwiftPackageReference "GoogleSignIn-iOS" */,
			);
			productRefGroup = 0494ACBA2A31103400CAE364 /* Products */;
			projectDirPath = "";
			projectRoot = "";
			targets = (
				0494ACB82A31103400CAE364 /* ios_template_swift_ui */,
			);
		};
/* End PBXProject section */

/* Begin PBXResourcesBuildPhase section */
		0494ACB72A31103400CAE364 /* Resources */ = {
			isa = PBXResourcesBuildPhase;
			buildActionMask = 2147483647;
			files = (
				0494ACC42A31103500CAE364 /* Preview Assets.xcassets in Resources */,
				0494ACC12A31103500CAE364 /* Assets.xcassets in Resources */,
				0494ACCB2A3120E800CAE364 /* GoogleService-Info.plist in Resources */,
			);
			runOnlyForDeploymentPostprocessing = 0;
		};
/* End PBXResourcesBuildPhase section */

/* Begin PBXSourcesBuildPhase section */
		0494ACB52A31103400CAE364 /* Sources */ = {
			isa = PBXSourcesBuildPhase;
			buildActionMask = 2147483647;
			files = (
				0494ACDE2A31226A00CAE364 /* AppDelegate.swift in Sources */,
				0CBAAE6D2A35AB5700BD986D /* AddProductScreen.swift in Sources */,
				0CBAAE7A2A35AD2000BD986D /* ProductListView.swift in Sources */,
				0CBAAE732A35AC2400BD986D /* OrderScreen.swift in Sources */,
				0CBAAE782A35AD0500BD986D /* ProductAddView.swift in Sources */,
				0494ACBF2A31103400CAE364 /* ContentView.swift in Sources */,
				0CAE32B12A3E1D8B0092F856 /* ProductEditView.swift in Sources */,
				0494ACF42A323B5800CAE364 /* custom_text_field_view.swift in Sources */,
				0C77951E2A360438008F10F0 /* ImagePicker.swift in Sources */,
				37076E632A31B57D0076BBA9 /* ScrolLoginButton.swift in Sources */,
				0494ACBD2A31103400CAE364 /* ios_template_swift_uiApp.swift in Sources */,
				0494ACEA2A323AC100CAE364 /* auth_service.swift in Sources */,
				0493836C2A351E4200E91F93 /* Form_login.swift in Sources */,
				0494ACF62A323B8A00CAE364 /* form_signUp.swift in Sources */,
				0CBAAE822A35EAB300BD986D /* CustomText.swift in Sources */,
				0CBAAE802A35B82500BD986D /* FeatureButtonCrud.swift in Sources */,
				0493836A2A351E0E00E91F93 /* login_screen.swift in Sources */,
				0CBAAE672A35AA6D00BD986D /* ProductScreen.swift in Sources */,
				0CAE32B32A3E290C0092F856 /* DashboradScreen.swift in Sources */,
				0494ACF22A323B4B00CAE364 /* custom_secure_field_view.swift in Sources */,
				C7E971452A31E7760062CD60 /* otp_screen.swift in Sources */,
				0CBAAE7E2A35B6AB00BD986D /* FirstScreen.swift in Sources */,
				0CBAAE712A35AC0900BD986D /* UsersSscreen.swift in Sources */,
				37076E652A31B5B30076BBA9 /* rest_pass_screen.swift in Sources */,
				049383722A35373900E91F93 /*   feature_button.swift in Sources */,
				37076E612A31B5520076BBA9 /* CustomeTextField.swift in Sources */,
				0494ACED2A323AE600CAE364 /* signUp_screen.swift in Sources */,
				0C3642D42A37131700333900 /* EditProductScreen.swift in Sources */,
				0493836F2A352E1B00E91F93 /* IntailScreen.swift in Sources */,
				C7E9714E2A31E9D60062CD60 /* phone_login_screen.swift in Sources */,
			);
			runOnlyForDeploymentPostprocessing = 0;
		};
/* End PBXSourcesBuildPhase section */

/* Begin XCBuildConfiguration section */
		0494ACC52A31103500CAE364 /* Debug */ = {
			isa = XCBuildConfiguration;
			buildSettings = {
				ALWAYS_SEARCH_USER_PATHS = NO;
				CLANG_ANALYZER_NONNULL = YES;
				CLANG_ANALYZER_NUMBER_OBJECT_CONVERSION = YES_AGGRESSIVE;
				CLANG_CXX_LANGUAGE_STANDARD = "gnu++20";
				CLANG_ENABLE_MODULES = YES;
				CLANG_ENABLE_OBJC_ARC = YES;
				CLANG_ENABLE_OBJC_WEAK = YES;
				CLANG_WARN_BLOCK_CAPTURE_AUTORELEASING = YES;
				CLANG_WARN_BOOL_CONVERSION = YES;
				CLANG_WARN_COMMA = YES;
				CLANG_WARN_CONSTANT_CONVERSION = YES;
				CLANG_WARN_DEPRECATED_OBJC_IMPLEMENTATIONS = YES;
				CLANG_WARN_DIRECT_OBJC_ISA_USAGE = YES_ERROR;
				CLANG_WARN_DOCUMENTATION_COMMENTS = YES;
				CLANG_WARN_EMPTY_BODY = YES;
				CLANG_WARN_ENUM_CONVERSION = YES;
				CLANG_WARN_INFINITE_RECURSION = YES;
				CLANG_WARN_INT_CONVERSION = YES;
				CLANG_WARN_NON_LITERAL_NULL_CONVERSION = YES;
				CLANG_WARN_OBJC_IMPLICIT_RETAIN_SELF = YES;
				CLANG_WARN_OBJC_LITERAL_CONVERSION = YES;
				CLANG_WARN_OBJC_ROOT_CLASS = YES_ERROR;
				CLANG_WARN_QUOTED_INCLUDE_IN_FRAMEWORK_HEADER = YES;
				CLANG_WARN_RANGE_LOOP_ANALYSIS = YES;
				CLANG_WARN_STRICT_PROTOTYPES = YES;
				CLANG_WARN_SUSPICIOUS_MOVE = YES;
				CLANG_WARN_UNGUARDED_AVAILABILITY = YES_AGGRESSIVE;
				CLANG_WARN_UNREACHABLE_CODE = YES;
				CLANG_WARN__DUPLICATE_METHOD_MATCH = YES;
				COPY_PHASE_STRIP = NO;
				DEBUG_INFORMATION_FORMAT = dwarf;
				ENABLE_STRICT_OBJC_MSGSEND = YES;
				ENABLE_TESTABILITY = YES;
				GCC_C_LANGUAGE_STANDARD = gnu11;
				GCC_DYNAMIC_NO_PIC = NO;
				GCC_NO_COMMON_BLOCKS = YES;
				GCC_OPTIMIZATION_LEVEL = 0;
				GCC_PREPROCESSOR_DEFINITIONS = (
					"DEBUG=1",
					"$(inherited)",
				);
				GCC_WARN_64_TO_32_BIT_CONVERSION = YES;
				GCC_WARN_ABOUT_RETURN_TYPE = YES_ERROR;
				GCC_WARN_UNDECLARED_SELECTOR = YES;
				GCC_WARN_UNINITIALIZED_AUTOS = YES_AGGRESSIVE;
				GCC_WARN_UNUSED_FUNCTION = YES;
				GCC_WARN_UNUSED_VARIABLE = YES;
				IPHONEOS_DEPLOYMENT_TARGET = 16.0;
				MTL_ENABLE_DEBUG_INFO = INCLUDE_SOURCE;
				MTL_FAST_MATH = YES;
				ONLY_ACTIVE_ARCH = YES;
				SDKROOT = iphoneos;
				SWIFT_ACTIVE_COMPILATION_CONDITIONS = DEBUG;
				SWIFT_OPTIMIZATION_LEVEL = "-Onone";
			};
			name = Debug;
		};
		0494ACC62A31103500CAE364 /* Release */ = {
			isa = XCBuildConfiguration;
			buildSettings = {
				ALWAYS_SEARCH_USER_PATHS = NO;
				CLANG_ANALYZER_NONNULL = YES;
				CLANG_ANALYZER_NUMBER_OBJECT_CONVERSION = YES_AGGRESSIVE;
				CLANG_CXX_LANGUAGE_STANDARD = "gnu++20";
				CLANG_ENABLE_MODULES = YES;
				CLANG_ENABLE_OBJC_ARC = YES;
				CLANG_ENABLE_OBJC_WEAK = YES;
				CLANG_WARN_BLOCK_CAPTURE_AUTORELEASING = YES;
				CLANG_WARN_BOOL_CONVERSION = YES;
				CLANG_WARN_COMMA = YES;
				CLANG_WARN_CONSTANT_CONVERSION = YES;
				CLANG_WARN_DEPRECATED_OBJC_IMPLEMENTATIONS = YES;
				CLANG_WARN_DIRECT_OBJC_ISA_USAGE = YES_ERROR;
				CLANG_WARN_DOCUMENTATION_COMMENTS = YES;
				CLANG_WARN_EMPTY_BODY = YES;
				CLANG_WARN_ENUM_CONVERSION = YES;
				CLANG_WARN_INFINITE_RECURSION = YES;
				CLANG_WARN_INT_CONVERSION = YES;
				CLANG_WARN_NON_LITERAL_NULL_CONVERSION = YES;
				CLANG_WARN_OBJC_IMPLICIT_RETAIN_SELF = YES;
				CLANG_WARN_OBJC_LITERAL_CONVERSION = YES;
				CLANG_WARN_OBJC_ROOT_CLASS = YES_ERROR;
				CLANG_WARN_QUOTED_INCLUDE_IN_FRAMEWORK_HEADER = YES;
				CLANG_WARN_RANGE_LOOP_ANALYSIS = YES;
				CLANG_WARN_STRICT_PROTOTYPES = YES;
				CLANG_WARN_SUSPICIOUS_MOVE = YES;
				CLANG_WARN_UNGUARDED_AVAILABILITY = YES_AGGRESSIVE;
				CLANG_WARN_UNREACHABLE_CODE = YES;
				CLANG_WARN__DUPLICATE_METHOD_MATCH = YES;
				COPY_PHASE_STRIP = NO;
				DEBUG_INFORMATION_FORMAT = "dwarf-with-dsym";
				ENABLE_NS_ASSERTIONS = NO;
				ENABLE_STRICT_OBJC_MSGSEND = YES;
				GCC_C_LANGUAGE_STANDARD = gnu11;
				GCC_NO_COMMON_BLOCKS = YES;
				GCC_WARN_64_TO_32_BIT_CONVERSION = YES;
				GCC_WARN_ABOUT_RETURN_TYPE = YES_ERROR;
				GCC_WARN_UNDECLARED_SELECTOR = YES;
				GCC_WARN_UNINITIALIZED_AUTOS = YES_AGGRESSIVE;
				GCC_WARN_UNUSED_FUNCTION = YES;
				GCC_WARN_UNUSED_VARIABLE = YES;
				IPHONEOS_DEPLOYMENT_TARGET = 16.0;
				MTL_ENABLE_DEBUG_INFO = NO;
				MTL_FAST_MATH = YES;
				SDKROOT = iphoneos;
				SWIFT_COMPILATION_MODE = wholemodule;
				SWIFT_OPTIMIZATION_LEVEL = "-O";
				VALIDATE_PRODUCT = YES;
			};
			name = Release;
		};
		0494ACC82A31103500CAE364 /* Debug */ = {
			isa = XCBuildConfiguration;
			buildSettings = {
				ASSETCATALOG_COMPILER_APPICON_NAME = AppIcon;
				ASSETCATALOG_COMPILER_GLOBAL_ACCENT_COLOR_NAME = AccentColor;
				CODE_SIGN_STYLE = Automatic;
				CURRENT_PROJECT_VERSION = 1;
				DEVELOPMENT_ASSET_PATHS = "\"ios_template_swift_ui/Preview Content\"";
				DEVELOPMENT_TEAM = 8Z2R72TQD4;
				ENABLE_PREVIEWS = YES;
				GENERATE_INFOPLIST_FILE = YES;
				INFOPLIST_FILE = "ios-template-swift-ui-Info.plist";
				INFOPLIST_KEY_UIApplicationSceneManifest_Generation = YES;
				INFOPLIST_KEY_UIApplicationSupportsIndirectInputEvents = YES;
				INFOPLIST_KEY_UILaunchScreen_Generation = YES;
				INFOPLIST_KEY_UISupportedInterfaceOrientations_iPad = "UIInterfaceOrientationPortrait UIInterfaceOrientationPortraitUpsideDown UIInterfaceOrientationLandscapeLeft UIInterfaceOrientationLandscapeRight";
				INFOPLIST_KEY_UISupportedInterfaceOrientations_iPhone = "UIInterfaceOrientationPortrait UIInterfaceOrientationLandscapeLeft UIInterfaceOrientationLandscapeRight";
				LD_RUNPATH_SEARCH_PATHS = (
					"$(inherited)",
					"@executable_path/Frameworks",
				);
				MARKETING_VERSION = 1.0;
				PRODUCT_BUNDLE_IDENTIFIER = "com.ios-template-swift-ui";
				PRODUCT_NAME = "$(TARGET_NAME)";
				SWIFT_EMIT_LOC_STRINGS = YES;
				SWIFT_VERSION = 5.0;
				TARGETED_DEVICE_FAMILY = "1,2";
			};
			name = Debug;
		};
		0494ACC92A31103500CAE364 /* Release */ = {
			isa = XCBuildConfiguration;
			buildSettings = {
				ASSETCATALOG_COMPILER_APPICON_NAME = AppIcon;
				ASSETCATALOG_COMPILER_GLOBAL_ACCENT_COLOR_NAME = AccentColor;
				CODE_SIGN_STYLE = Automatic;
				CURRENT_PROJECT_VERSION = 1;
				DEVELOPMENT_ASSET_PATHS = "\"ios_template_swift_ui/Preview Content\"";
				DEVELOPMENT_TEAM = 8Z2R72TQD4;
				ENABLE_PREVIEWS = YES;
				GENERATE_INFOPLIST_FILE = YES;
				INFOPLIST_FILE = "ios-template-swift-ui-Info.plist";
				INFOPLIST_KEY_UIApplicationSceneManifest_Generation = YES;
				INFOPLIST_KEY_UIApplicationSupportsIndirectInputEvents = YES;
				INFOPLIST_KEY_UILaunchScreen_Generation = YES;
				INFOPLIST_KEY_UISupportedInterfaceOrientations_iPad = "UIInterfaceOrientationPortrait UIInterfaceOrientationPortraitUpsideDown UIInterfaceOrientationLandscapeLeft UIInterfaceOrientationLandscapeRight";
				INFOPLIST_KEY_UISupportedInterfaceOrientations_iPhone = "UIInterfaceOrientationPortrait UIInterfaceOrientationLandscapeLeft UIInterfaceOrientationLandscapeRight";
				LD_RUNPATH_SEARCH_PATHS = (
					"$(inherited)",
					"@executable_path/Frameworks",
				);
				MARKETING_VERSION = 1.0;
				PRODUCT_BUNDLE_IDENTIFIER = "com.ios-template-swift-ui";
				PRODUCT_NAME = "$(TARGET_NAME)";
				SWIFT_EMIT_LOC_STRINGS = YES;
				SWIFT_VERSION = 5.0;
				TARGETED_DEVICE_FAMILY = "1,2";
			};
			name = Release;
		};
/* End XCBuildConfiguration section */

/* Begin XCConfigurationList section */
		0494ACB42A31103400CAE364 /* Build configuration list for PBXProject "ios_template_swift_ui" */ = {
			isa = XCConfigurationList;
			buildConfigurations = (
				0494ACC52A31103500CAE364 /* Debug */,
				0494ACC62A31103500CAE364 /* Release */,
			);
			defaultConfigurationIsVisible = 0;
			defaultConfigurationName = Release;
		};
		0494ACC72A31103500CAE364 /* Build configuration list for PBXNativeTarget "ios_template_swift_ui" */ = {
			isa = XCConfigurationList;
			buildConfigurations = (
				0494ACC82A31103500CAE364 /* Debug */,
				0494ACC92A31103500CAE364 /* Release */,
			);
			defaultConfigurationIsVisible = 0;
			defaultConfigurationName = Release;
		};
/* End XCConfigurationList section */

/* Begin XCRemoteSwiftPackageReference section */
		0494ACCC2A3121D600CAE364 /* XCRemoteSwiftPackageReference "firebase-ios-sdk" */ = {
			isa = XCRemoteSwiftPackageReference;
			repositoryURL = "https://github.com/firebase/firebase-ios-sdk";
			requirement = {
				kind = upToNextMinorVersion;
				minimumVersion = 9.6.0;
			};
		};
		C7E9714F2A320CFF0062CD60 /* XCRemoteSwiftPackageReference "GoogleSignIn-iOS" */ = {
			isa = XCRemoteSwiftPackageReference;
			repositoryURL = "https://github.com/google/GoogleSignIn-iOS.git";
			requirement = {
				kind = upToNextMajorVersion;
				minimumVersion = 7.0.0;
			};
		};
/* End XCRemoteSwiftPackageReference section */

/* Begin XCSwiftPackageProductDependency section */
		0494ACCD2A3121D600CAE364 /* FirebaseAuth */ = {
			isa = XCSwiftPackageProductDependency;
			package = 0494ACCC2A3121D600CAE364 /* XCRemoteSwiftPackageReference "firebase-ios-sdk" */;
			productName = FirebaseAuth;
		};
		0494ACCF2A3121D600CAE364 /* FirebaseAuthCombine-Community */ = {
			isa = XCSwiftPackageProductDependency;
			package = 0494ACCC2A3121D600CAE364 /* XCRemoteSwiftPackageReference "firebase-ios-sdk" */;
			productName = "FirebaseAuthCombine-Community";
		};
		0494ACD12A3121D600CAE364 /* FirebaseDatabase */ = {
			isa = XCSwiftPackageProductDependency;
			package = 0494ACCC2A3121D600CAE364 /* XCRemoteSwiftPackageReference "firebase-ios-sdk" */;
			productName = FirebaseDatabase;
		};
		0494ACD32A3121D600CAE364 /* FirebaseDatabaseSwift */ = {
			isa = XCSwiftPackageProductDependency;
			package = 0494ACCC2A3121D600CAE364 /* XCRemoteSwiftPackageReference "firebase-ios-sdk" */;
			productName = FirebaseDatabaseSwift;
		};
		0494ACD52A3121D600CAE364 /* FirebaseFirestore */ = {
			isa = XCSwiftPackageProductDependency;
			package = 0494ACCC2A3121D600CAE364 /* XCRemoteSwiftPackageReference "firebase-ios-sdk" */;
			productName = FirebaseFirestore;
		};
		0494ACD72A3121D600CAE364 /* FirebaseFirestoreCombine-Community */ = {
			isa = XCSwiftPackageProductDependency;
			package = 0494ACCC2A3121D600CAE364 /* XCRemoteSwiftPackageReference "firebase-ios-sdk" */;
			productName = "FirebaseFirestoreCombine-Community";
		};
		0494ACD92A3121D600CAE364 /* FirebaseStorage */ = {
			isa = XCSwiftPackageProductDependency;
			package = 0494ACCC2A3121D600CAE364 /* XCRemoteSwiftPackageReference "firebase-ios-sdk" */;
			productName = FirebaseStorage;
		};
		0494ACDB2A3121D600CAE364 /* FirebaseStorageCombine-Community */ = {
			isa = XCSwiftPackageProductDependency;
			package = 0494ACCC2A3121D600CAE364 /* XCRemoteSwiftPackageReference "firebase-ios-sdk" */;
			productName = "FirebaseStorageCombine-Community";
		};
		C7E971502A320CFF0062CD60 /* GoogleSignIn */ = {
			isa = XCSwiftPackageProductDependency;
			package = C7E9714F2A320CFF0062CD60 /* XCRemoteSwiftPackageReference "GoogleSignIn-iOS" */;
			productName = GoogleSignIn;
		};
		C7E971522A320CFF0062CD60 /* GoogleSignInSwift */ = {
			isa = XCSwiftPackageProductDependency;
			package = C7E9714F2A320CFF0062CD60 /* XCRemoteSwiftPackageReference "GoogleSignIn-iOS" */;
			productName = GoogleSignInSwift;
		};
/* End XCSwiftPackageProductDependency section */
	};
	rootObject = 0494ACB12A31103400CAE364 /* Project object */;
}
